
Microsoft Visual Studio Solution File, Format Version 12.00
# Visual Studio 15
Project("{FAE04EC0-301F-11D3-BF4B-00C04F79EFBC}") = "CS481HW5.Android", "CS481HW5.Android\CS481HW5.Android.csproj", "{B676692B-403A-4069-95AA-8BA7C9986C01}"
EndProject
Project("{FAE04EC0-301F-11D3-BF4B-00C04F79EFBC}") = "CS481HW5.iOS", "CS481HW5.iOS\CS481HW5.iOS.csproj", "{717B31EC-FD88-477E-9016-48EEC8567BF8}"
EndProject
Project("{FAE04EC0-301F-11D3-BF4B-00C04F79EFBC}") = "CS481HW5", "CS481HW5\CS481HW5.csproj", "{AA6D55FE-DE2F-4511-819E-2BC4D1C71076}"
EndProject
Global
	GlobalSection(SolutionConfigurationPlatforms) = preSolution
		Debug|Any CPU = Debug|Any CPU
		Release|Any CPU = Release|Any CPU
		Debug|iPhoneSimulator = Debug|iPhoneSimulator
		Release|iPhoneSimulator = Release|iPhoneSimulator
		Debug|iPhone = Debug|iPhone
		Release|iPhone = Release|iPhone
	EndGlobalSection
	GlobalSection(ProjectConfigurationPlatforms) = postSolution
		{B676692B-403A-4069-95AA-8BA7C9986C01}.Debug|Any CPU.ActiveCfg = Debug|Any CPU
		{B676692B-403A-4069-95AA-8BA7C9986C01}.Debug|Any CPU.Build.0 = Debug|Any CPU
		{B676692B-403A-4069-95AA-8BA7C9986C01}.Release|Any CPU.ActiveCfg = Release|Any CPU
		{B676692B-403A-4069-95AA-8BA7C9986C01}.Release|Any CPU.Build.0 = Release|Any CPU
		{B676692B-403A-4069-95AA-8BA7C9986C01}.Debug|iPhoneSimulator.ActiveCfg = Debug|Any CPU
		{B676692B-403A-4069-95AA-8BA7C9986C01}.Debug|iPhoneSimulator.Build.0 = Debug|Any CPU
		{B676692B-403A-4069-95AA-8BA7C9986C01}.Release|iPhoneSimulator.ActiveCfg = Release|Any CPU
		{B676692B-403A-4069-95AA-8BA7C9986C01}.Release|iPhoneSimulator.Build.0 = Release|Any CPU
		{B676692B-403A-4069-95AA-8BA7C9986C01}.Debug|iPhone.ActiveCfg = Debug|Any CPU
		{B676692B-403A-4069-95AA-8BA7C9986C01}.Debug|iPhone.Build.0 = Debug|Any CPU
		{B676692B-403A-4069-95AA-8BA7C9986C01}.Release|iPhone.ActiveCfg = Release|Any CPU
		{B676692B-403A-4069-95AA-8BA7C9986C01}.Release|iPhone.Build.0 = Release|Any CPU
		{717B31EC-FD88-477E-9016-48EEC8567BF8}.Debug|Any CPU.ActiveCfg = Debug|iPhoneSimulator
		{717B31EC-FD88-477E-9016-48EEC8567BF8}.Debug|Any CPU.Build.0 = Debug|iPhoneSimulator
		{717B31EC-FD88-477E-9016-48EEC8567BF8}.Release|Any CPU.ActiveCfg = Release|iPhoneSimulator
		{717B31EC-FD88-477E-9016-48EEC8567BF8}.Release|Any CPU.Build.0 = Release|iPhoneSimulator
		{717B31EC-FD88-477E-9016-48EEC8567BF8}.Debug|iPhoneSimulator.ActiveCfg = Debug|iPhoneSimulator
		{717B31EC-FD88-477E-9016-48EEC8567BF8}.Debug|iPhoneSimulator.Build.0 = Debug|iPhoneSimulator
		{717B31EC-FD88-477E-9016-48EEC8567BF8}.Release|iPhoneSimulator.ActiveCfg = Release|iPhoneSimulator
		{717B31EC-FD88-477E-9016-48EEC8567BF8}.Release|iPhoneSimulator.Build.0 = Release|iPhoneSimulator
		{717B31EC-FD88-477E-9016-48EEC8567BF8}.Debug|iPhone.ActiveCfg = Debug|iPhone
		{717B31EC-FD88-477E-9016-48EEC8567BF8}.Debug|iPhone.Build.0 = Debug|iPhone
		{717B31EC-FD88-477E-9016-48EEC8567BF8}.Release|iPhone.ActiveCfg = Release|iPhone
		{717B31EC-FD88-477E-9016-48EEC8567BF8}.Release|iPhone.Build.0 = Release|iPhone
		{AA6D55FE-DE2F-4511-819E-2BC4D1C71076}.Debug|Any CPU.ActiveCfg = Debug|Any CPU
		{AA6D55FE-DE2F-4511-819E-2BC4D1C71076}.Debug|Any CPU.Build.0 = Debug|Any CPU
		{AA6D55FE-DE2F-4511-819E-2BC4D1C71076}.Release|Any CPU.ActiveCfg = Release|Any CPU
		{AA6D55FE-DE2F-4511-819E-2BC4D1C71076}.Release|Any CPU.Build.0 = Release|Any CPU
		{AA6D55FE-DE2F-4511-819E-2BC4D1C71076}.Debug|iPhoneSimulator.ActiveCfg = Debug|Any CPU
		{AA6D55FE-DE2F-4511-819E-2BC4D1C71076}.Debug|iPhoneSimulator.Build.0 = Debug|Any CPU
		{AA6D55FE-DE2F-4511-819E-2BC4D1C71076}.Release|iPhoneSimulator.ActiveCfg = Release|Any CPU
		{AA6D55FE-DE2F-4511-819E-2BC4D1C71076}.Release|iPhoneSimulator.Build.0 = Release|Any CPU
		{AA6D55FE-DE2F-4511-819E-2BC4D1C71076}.Debug|iPhone.ActiveCfg = Debug|Any CPU
		{AA6D55FE-DE2F-4511-819E-2BC4D1C71076}.Debug|iPhone.Build.0 = Debug|Any CPU
		{AA6D55FE-DE2F-4511-819E-2BC4D1C71076}.Release|iPhone.ActiveCfg = Release|Any CPU
		{AA6D55FE-DE2F-4511-819E-2BC4D1C71076}.Release|iPhone.Build.0 = Release|Any CPU
	EndGlobalSection
EndGlobal
